
Microsoft Visual Studio Solution File, Format Version 12.00
# Visual Studio Version 16
VisualStudioVersion = 16.0.30204.135
MinimumVisualStudioVersion = 10.0.40219.1
Project("{9A19103F-16F7-4668-BE54-9A1E7A4F7556}") = "BlazorMovies.Server", "BlazorMovies\Server\BlazorMovies.Server.csproj", "{A199C253-0272-4D1A-A51F-C46FFDA90490}"
EndProject
Project("{9A19103F-16F7-4668-BE54-9A1E7A4F7556}") = "BlazorMovies.Client", "BlazorMovies\Client\BlazorMovies.Client.csproj", "{73F70CCD-8504-404D-9EFF-0DEDD3DF9623}"
EndProject
Project("{9A19103F-16F7-4668-BE54-9A1E7A4F7556}") = "BlazorMovies.Shared", "BlazorMovies\Shared\BlazorMovies.Shared.csproj", "{C6250243-6DE3-46AC-A80F-F721B3B505B7}"
EndProject
Global
	GlobalSection(SolutionConfigurationPlatforms) = preSolution
		Debug|Any CPU = Debug|Any CPU
		Release|Any CPU = Release|Any CPU
	EndGlobalSection
	GlobalSection(ProjectConfigurationPlatforms) = postSolution
		{A199C253-0272-4D1A-A51F-C46FFDA90490}.Debug|Any CPU.ActiveCfg = Debug|Any CPU
		{A199C253-0272-4D1A-A51F-C46FFDA90490}.Debug|Any CPU.Build.0 = Debug|Any CPU
		{A199C253-0272-4D1A-A51F-C46FFDA90490}.Release|Any CPU.ActiveCfg = Release|Any CPU
		{A199C253-0272-4D1A-A51F-C46FFDA90490}.Release|Any CPU.Build.0 = Release|Any CPU
		{73F70CCD-8504-404D-9EFF-0DEDD3DF9623}.Debug|Any CPU.ActiveCfg = Debug|Any CPU
		{73F70CCD-8504-404D-9EFF-0DEDD3DF9623}.Debug|Any CPU.Build.0 = Debug|Any CPU
		{73F70CCD-8504-404D-9EFF-0DEDD3DF9623}.Release|Any CPU.ActiveCfg = Release|Any CPU
		{73F70CCD-8504-404D-9EFF-0DEDD3DF9623}.Release|Any CPU.Build.0 = Release|Any CPU
		{C6250243-6DE3-46AC-A80F-F721B3B505B7}.Debug|Any CPU.ActiveCfg = Debug|Any CPU
		{C6250243-6DE3-46AC-A80F-F721B3B505B7}.Debug|Any CPU.Build.0 = Debug|Any CPU
		{C6250243-6DE3-46AC-A80F-F721B3B505B7}.Release|Any CPU.ActiveCfg = Release|Any CPU
		{C6250243-6DE3-46AC-A80F-F721B3B505B7}.Release|Any CPU.Build.0 = Release|Any CPU
	EndGlobalSection
	GlobalSection(SolutionProperties) = preSolution
		HideSolutionNode = FALSE
	EndGlobalSection
	GlobalSection(ExtensibilityGlobals) = postSolution
		SolutionGuid = {7913E3E1-2705-43C2-AEEB-20F255F2B237}
	EndGlobalSection
EndGlobal
